{
  "version": "4",
  "specifiers": {
    "jsr:@denosaurs/plug@1": "1.0.6",
    "jsr:@std/assert@0.217": "0.217.0",
    "jsr:@std/assert@0.221": "0.221.0",
    "jsr:@std/encoding@0.221": "0.221.0",
    "jsr:@std/fmt@0.221": "0.221.0",
    "jsr:@std/fs@0.221": "0.221.0",
    "jsr:@std/path@0.217": "0.217.0",
    "jsr:@std/path@0.221": "0.221.0",
    "npm:@lucid-evolution/core-types@~0.1.21": "0.1.21",
    "npm:@lucid-evolution/core-utils@~0.1.16": "0.1.16",
    "npm:@lucid-evolution/lucid@~0.4.20": "0.4.20_effect@3.12.7",
    "npm:@lucid-evolution/plutus@~0.1.28": "0.1.28",
    "npm:@lucid-evolution/provider@~0.1.85": "0.1.85_effect@3.12.7",
    "npm:@lucid-evolution/utils@~0.1.63": "0.1.63_effect@3.12.7_@harmoniclabs+plutus-data@1.2.4__@harmoniclabs+bytestring@1.0.0__@harmoniclabs+cbor@1.5.0",
    "npm:@types/node@*": "22.5.4"
  },
  "jsr": {
    "@denosaurs/plug@1.0.6": {
      "integrity": "6cf5b9daba7799837b9ffbe89f3450510f588fafef8115ddab1ff0be9cb7c1a7",
      "dependencies": [
        "jsr:@std/encoding",
        "jsr:@std/fmt",
        "jsr:@std/fs",
        "jsr:@std/path@0.221"
      ]
    },
    "@std/assert@0.217.0": {
      "integrity": "c98e279362ca6982d5285c3b89517b757c1e3477ee9f14eb2fdf80a45aaa9642"
    },
    "@std/assert@0.221.0": {
      "integrity": "a5f1aa6e7909dbea271754fd4ab3f4e687aeff4873b4cef9a320af813adb489a"
    },
    "@std/encoding@0.221.0": {
      "integrity": "d1dd76ef0dc5d14088411e6dc1dede53bf8308c95d1537df1214c97137208e45"
    },
    "@std/fmt@0.221.0": {
      "integrity": "379fed69bdd9731110f26b9085aeb740606b20428ce6af31ef6bd45ef8efa62a"
    },
    "@std/fs@0.221.0": {
      "integrity": "028044450299de8ed5a716ade4e6d524399f035513b85913794f4e81f07da286",
      "dependencies": [
        "jsr:@std/assert@0.221",
        "jsr:@std/path@0.221"
      ]
    },
    "@std/path@0.217.0": {
      "integrity": "1217cc25534bca9a2f672d7fe7c6f356e4027df400c0e85c0ef3e4343bc67d11",
      "dependencies": [
        "jsr:@std/assert@0.217"
      ]
    },
    "@std/path@0.221.0": {
      "integrity": "0a36f6b17314ef653a3a1649740cc8db51b25a133ecfe838f20b79a56ebe0095",
      "dependencies": [
        "jsr:@std/assert@0.221"
      ]
    }
  },
  "npm": {
    "@anastasia-labs/cardano-multiplatform-lib-browser@6.0.2-2": {
      "integrity": "sha512-sSPPjO1Zye82YVqrUGIKrli/Zt2pPkZkQd/jv9k6AzjIZdNPD3hvuB2yH6RHeZUO8+K57bu9r7Rlyf7VGbhhTQ=="
    },
    "@anastasia-labs/cardano-multiplatform-lib-browser@6.0.2-3": {
      "integrity": "sha512-EP5Kr21xPtfEuCM3lR5tCIUQpMQ4Moisig8zD9BqUmBhQr/2ddxuE+MWhBF6tqH1AepzeXqRuTD1ozvdRn49Bw=="
    },
    "@anastasia-labs/cardano-multiplatform-lib-nodejs@6.0.2-2": {
      "integrity": "sha512-KLYHyJWtFsTUUbIVz9dn5GiCbI4Mrx5mRpDWXa3lVLWFKok6AkvYlyHk4OH4NNa4JBerrHTB6ZJrk75UgKAaMA=="
    },
    "@anastasia-labs/cardano-multiplatform-lib-nodejs@6.0.2-3": {
      "integrity": "sha512-Jy7QKahRQJgX6OFeuQvPXO0ejKfT9cQ8m3PFLBhbM04jjzFnaxlJJJ5+7qNHe3xdy40fMbMMe2SgAYPJ4gZ2Xw=="
    },
    "@cbor-extract/cbor-extract-darwin-arm64@2.2.0": {
      "integrity": "sha512-P7swiOAdF7aSi0H+tHtHtr6zrpF3aAq/W9FXx5HektRvLTM2O89xCyXF3pk7pLc7QpaY7AoaE8UowVf9QBdh3w=="
    },
    "@cbor-extract/cbor-extract-darwin-x64@2.2.0": {
      "integrity": "sha512-1liF6fgowph0JxBbYnAS7ZlqNYLf000Qnj4KjqPNW4GViKrEql2MgZnAsExhY9LSy8dnvA4C0qHEBgPrll0z0w=="
    },
    "@cbor-extract/cbor-extract-linux-arm64@2.2.0": {
      "integrity": "sha512-rQvhNmDuhjTVXSPFLolmQ47/ydGOFXtbR7+wgkSY0bdOxCFept1hvg59uiLPT2fVDuJFuEy16EImo5tE2x3RsQ=="
    },
    "@cbor-extract/cbor-extract-linux-arm@2.2.0": {
      "integrity": "sha512-QeBcBXk964zOytiedMPQNZr7sg0TNavZeuUCD6ON4vEOU/25+pLhNN6EDIKJ9VLTKaZ7K7EaAriyYQ1NQ05s/Q=="
    },
    "@cbor-extract/cbor-extract-linux-x64@2.2.0": {
      "integrity": "sha512-cWLAWtT3kNLHSvP4RKDzSTX9o0wvQEEAj4SKvhWuOVZxiDAeQazr9A+PSiRILK1VYMLeDml89ohxCnUNQNQNCw=="
    },
    "@cbor-extract/cbor-extract-win32-x64@2.2.0": {
      "integrity": "sha512-l2M+Z8DO2vbvADOBNLbbh9y5ST1RY5sqkWOg/58GkUPBYou/cuNZ68SGQ644f1CvZ8kcOxyZtw06+dxWHIoN/w=="
    },
    "@effect/platform@0.71.7_effect@3.12.7": {
      "integrity": "sha512-Ttw8OhbcP1x5cPgcX4VdnDSWrskVdUrf9bO3eDd++TTcQzEiYVu9GZJaSMvz6Yqzfzt+1tIKoKi2jp6dLdJ9dg==",
      "dependencies": [
        "effect",
        "find-my-way-ts",
        "multipasta"
      ]
    },
    "@effect/schema@0.66.16_effect@3.12.7_fast-check@3.23.2": {
      "integrity": "sha512-sT/k5NOgKslGPzs3DUaCFuM6g2JQoIIT8jpwEorAZooplPIMK2xIspr7ECz6pp6Dc7Wz/ppXGk7HVyGZQsIYEQ==",
      "dependencies": [
        "effect",
        "fast-check"
      ]
    },
    "@effect/schema@0.68.27_effect@3.12.7": {
      "integrity": "sha512-/rmIb+4QaQTecdTfeYSZtNikIV+BeIbYDl/hpgBTaS96en7pKNW5hcygFQhdocjKguIL7Y/be+oUrVafWV60ew==",
      "dependencies": [
        "effect",
        "fast-check"
      ]
    },
    "@emurgo/cardano-message-signing-browser@1.1.0": {
      "integrity": "sha512-LyeiGIqCyZu9DZnKsi4wlBjZA1MN+uy3Cqpb5J6RZWvFXDJnCoxrYB/EixUiGRD/la4WsldBgtPsrIHyGsVkpg=="
    },
    "@emurgo/cardano-message-signing-nodejs@1.1.0": {
      "integrity": "sha512-PQRc8K8wZshEdmQenNUzVtiI8oJNF/1uAnBhidee5C4o1l2mDLOW+ur46HWHIFKQ6x8mSJTllcjMscHgzju0gQ=="
    },
    "@harmoniclabs/bigint-utils@1.0.0": {
      "integrity": "sha512-OhZMHcdtH2hHKMlxWFHf71PmKHdoi9ARpjS9mUu0/cd8VWDDjT7VQoQwC5NN/68iyO4O5Dojrvrp9tjG5BDABA==",
      "dependencies": [
        "@harmoniclabs/uint8array-utils"
      ]
    },
    "@harmoniclabs/biguint@1.0.0": {
      "integrity": "sha512-5DyCIBDL4W+7ffR1IJSbGrCG4xEYxAlFH5gCNF42qtyL5ltwZ92Ae1MyXpHM2TUPy7ocSTqlLUsOdy+SvqVVPw=="
    },
    "@harmoniclabs/bitstream@1.0.0": {
      "integrity": "sha512-Ed/I46IuCiytE5QiMmmUo9kPJcypM7OuUqoRaAXUALL5C6LKLpT6kYE1qeuhLkx2/WvkHT18jcOX6jhM/nmqoA==",
      "dependencies": [
        "@harmoniclabs/uint8array-utils"
      ]
    },
    "@harmoniclabs/bytestring@1.0.0": {
      "integrity": "sha512-d5m10O0okKc6QNX0pSRriFTkk/kNMnMBGbo5X3kEZwKaXTI4tDVoTZBL7bwbYHwOEdSxWJjVtlO9xtB7ZrYZNg==",
      "dependencies": [
        "@harmoniclabs/uint8array-utils"
      ]
    },
    "@harmoniclabs/cbor@1.5.0": {
      "integrity": "sha512-/TaUfh2POR88KJDtJvRokBgEu9QP+u3LSp92UenLizaFr9proKrb45jzC1IYeMvI9LWKo3zWtf6ea35TKq4ibQ==",
      "dependencies": [
        "@harmoniclabs/bytestring",
        "@harmoniclabs/obj-utils",
        "@harmoniclabs/uint8array-utils"
      ]
    },
    "@harmoniclabs/crypto@0.2.5": {
      "integrity": "sha512-t2saWMFWBx8tOHotiYTTfQKhPGpWT4AMLXxq3u0apShVXNV0vgL0gEgSMudBjES/wrKByCqa2xmU70gadz26hA==",
      "dependencies": [
        "@harmoniclabs/bitstream",
        "@harmoniclabs/uint8array-utils"
      ]
    },
    "@harmoniclabs/obj-utils@1.0.0": {
      "integrity": "sha512-EO1bQBZAORrutcP+leP5YNDwNd/9TOE23VEvs3ktniXg6w0knUrLjUIl2Pkcbs/D1VQxqmsNpXho+vaMj00qxA=="
    },
    "@harmoniclabs/pair@1.0.0": {
      "integrity": "sha512-D9OBowsUsy1LctHxWzd9AngTzoo5x3rBiJ0gu579t41Q23pb+VNx1euEfluUEiaYbgljcl1lb/4D1fFTZd1tRQ=="
    },
    "@harmoniclabs/plutus-data@1.2.4_@harmoniclabs+bytestring@1.0.0_@harmoniclabs+cbor@1.5.0": {
      "integrity": "sha512-cpr6AnJRultH6PJRDriewHEgNLQs2IGLampZrLjmK5shzTsHICD0yD0Zig9eKdcS7dmY6mlzvSpAJWPGeTxbCA==",
      "dependencies": [
        "@harmoniclabs/biguint",
        "@harmoniclabs/bytestring",
        "@harmoniclabs/cbor",
        "@harmoniclabs/crypto",
        "@harmoniclabs/uint8array-utils"
      ]
    },
    "@harmoniclabs/uint8array-utils@1.0.3": {
      "integrity": "sha512-MAOD0bGl3u4Ay98xRrNzwxu/UsI8oFsW/Gplry3KNUhmHhyeIH5NU+jtwtvlOYQH8eW5d6SdzqOTYWWQ7l0w+g=="
    },
    "@harmoniclabs/uplc@1.4.0_@harmoniclabs+bytestring@1.0.0_@harmoniclabs+cbor@1.5.0_@harmoniclabs+crypto@0.2.5_@harmoniclabs+pair@1.0.0_@harmoniclabs+plutus-data@1.2.4__@harmoniclabs+bytestring@1.0.0__@harmoniclabs+cbor@1.5.0": {
      "integrity": "sha512-LV6E6sMN9y/xbsQiQnZ5SxFfGto3wmmeweA2KWB0Qs/Ga1gBQadtiec3W5T6Q4o1+2sPY6KeT4BH66Oh+WX2AQ==",
      "dependencies": [
        "@harmoniclabs/bigint-utils",
        "@harmoniclabs/bytestring",
        "@harmoniclabs/cbor",
        "@harmoniclabs/crypto",
        "@harmoniclabs/pair",
        "@harmoniclabs/plutus-data",
        "@harmoniclabs/uint8array-utils"
      ]
    },
    "@lucid-evolution/core-types@0.1.21": {
      "integrity": "sha512-HPTU7eaWUNp1mmbbF46dyh6CLZNH8kLWyD1yu2OrPDWo5KfeF2EAXcnS3VsyjhjyFtzBLbsoQxjuy1j4jBY0zg==",
      "dependencies": [
        "@anastasia-labs/cardano-multiplatform-lib-browser@6.0.2-2",
        "@anastasia-labs/cardano-multiplatform-lib-nodejs@6.0.2-2"
      ]
    },
    "@lucid-evolution/core-utils@0.1.16": {
      "integrity": "sha512-fNKZiGl1h6tf48bji067uxHZpDlhkrIDrwhZLt5DQC/c6GVdZb4TSvqgs7MOmMqp1dj9dy6NDYWnCHeTqZAhJw==",
      "dependencies": [
        "@anastasia-labs/cardano-multiplatform-lib-browser@6.0.2-2",
        "@anastasia-labs/cardano-multiplatform-lib-nodejs@6.0.2-2"
      ]
    },
    "@lucid-evolution/crc8@0.1.8": {
      "integrity": "sha512-88+/S6n+sPgxYtG05rvbJDVb8MoFGzckkR3p26uGrzngYzlJGfxBWIzNhVwfI2mgINPo2C5lkZW3GYnfY0MjuA=="
    },
    "@lucid-evolution/lucid@0.4.20_effect@3.12.7": {
      "integrity": "sha512-/LGWdg9MLP7trmWlpsIlnCHnUNHRWOo32ntoL9UBYIRr2ahl/8Aoj3+WzmVKRQkT752sWp+AZ1TerNVeu772Zw==",
      "dependencies": [
        "@anastasia-labs/cardano-multiplatform-lib-browser@6.0.2-3",
        "@anastasia-labs/cardano-multiplatform-lib-nodejs@6.0.2-3",
        "@effect/schema@0.66.16_effect@3.12.7_fast-check@3.23.2",
        "@emurgo/cardano-message-signing-nodejs",
        "@lucid-evolution/core-types",
        "@lucid-evolution/core-utils",
        "@lucid-evolution/plutus",
        "@lucid-evolution/provider",
        "@lucid-evolution/sign_data",
        "@lucid-evolution/uplc",
        "@lucid-evolution/utils",
        "@lucid-evolution/wallet",
        "effect"
      ]
    },
    "@lucid-evolution/plutus@0.1.28": {
      "integrity": "sha512-O8vOsed+U3dda32Y5iyvmnPUwuNR0K64RMow/fT+SUAcgDmTNVmXr63YG7lLrY165eC0DB/K6hsHMyqIF5DpBA==",
      "dependencies": [
        "@anastasia-labs/cardano-multiplatform-lib-browser@6.0.2-2",
        "@anastasia-labs/cardano-multiplatform-lib-nodejs@6.0.2-2",
        "@lucid-evolution/core-types",
        "@lucid-evolution/core-utils",
        "@sinclair/typebox"
      ]
    },
    "@lucid-evolution/provider@0.1.85_effect@3.12.7": {
      "integrity": "sha512-a4t171fD2OO3SzFvlgjDDE9Npt47Kv6LYd0GkG3cjOM4ba5VZDnhXcfNn8lzidohm0HIFXLQ9Tytz9zDa8dFPw==",
      "dependencies": [
        "@anastasia-labs/cardano-multiplatform-lib-browser@6.0.2-3",
        "@anastasia-labs/cardano-multiplatform-lib-nodejs@6.0.2-3",
        "@effect/platform",
        "@effect/schema@0.68.27_effect@3.12.7",
        "@lucid-evolution/core-types",
        "@lucid-evolution/core-utils",
        "@lucid-evolution/utils",
        "@lucid-evolution/wallet",
        "effect"
      ]
    },
    "@lucid-evolution/sign_data@0.1.24": {
      "integrity": "sha512-8K/FuSUYAffRB4JjjjAzjOUqUXDI+r3HyJIAETlJ8Kbo7SZe1IrX6bo82qjaK/WGK4w4kBcoheceWnnsiYPfrQ==",
      "dependencies": [
        "@anastasia-labs/cardano-multiplatform-lib-browser@6.0.2-2",
        "@anastasia-labs/cardano-multiplatform-lib-nodejs@6.0.2-2",
        "@emurgo/cardano-message-signing-browser",
        "@emurgo/cardano-message-signing-nodejs",
        "@lucid-evolution/core-types",
        "@lucid-evolution/core-utils"
      ]
    },
    "@lucid-evolution/uplc@0.2.18": {
      "integrity": "sha512-TukA/1XnhrliAfwopPzX04t8j/7dfVygE9F55MypfibA+btZVOLJpe0VAFmr46HMcxecL/S63iOjuiRHNe+5bw=="
    },
    "@lucid-evolution/utils@0.1.63_effect@3.12.7_@harmoniclabs+plutus-data@1.2.4__@harmoniclabs+bytestring@1.0.0__@harmoniclabs+cbor@1.5.0": {
      "integrity": "sha512-oxdkIVo0O8/MufSN6d/EsnejDGvg4CNyGwdjzoLiq7MAgmSmz3Bwi2J6aezKCRMkPM12S4II0ZsNx0/EJmmKqA==",
      "dependencies": [
        "@anastasia-labs/cardano-multiplatform-lib-browser@6.0.2-3",
        "@anastasia-labs/cardano-multiplatform-lib-nodejs@6.0.2-3",
        "@effect/schema@0.68.27_effect@3.12.7",
        "@harmoniclabs/plutus-data",
        "@harmoniclabs/uplc",
        "@lucid-evolution/core-types",
        "@lucid-evolution/core-utils",
        "@lucid-evolution/crc8",
        "@lucid-evolution/plutus",
        "@lucid-evolution/uplc",
        "bip39",
        "cbor-x",
        "effect"
      ]
    },
    "@lucid-evolution/wallet@0.1.69": {
      "integrity": "sha512-CdqgfVmzJkRbj88676PDRj46fcWZhh6IuHSp0LH6On+brRCwAHXEXtHg8X07Cwlk6kYfm/1VxbPO9DIlt/FpFg==",
      "dependencies": [
        "@anastasia-labs/cardano-multiplatform-lib-browser@6.0.2-3",
        "@anastasia-labs/cardano-multiplatform-lib-nodejs@6.0.2-3",
        "@lucid-evolution/core-types",
        "@lucid-evolution/core-utils",
        "@lucid-evolution/sign_data",
        "@lucid-evolution/utils",
        "bip39"
      ]
    },
    "@noble/hashes@1.7.1": {
      "integrity": "sha512-B8XBPsn4vT/KJAGqDzbwztd+6Yte3P4V7iafm24bxgDe/mlRuK6xmWPuCNrKt2vDafZ8MfJLlchDG/vYafQEjQ=="
    },
    "@sinclair/typebox@0.32.35": {
      "integrity": "sha512-Ul3YyOTU++to8cgNkttakC0dWvpERr6RYoHO2W47DLbFvrwBDJUY31B1sImH6JZSYc4Kt4PyHtoPNu+vL2r2dA=="
    },
    "@types/node@22.5.4": {
      "integrity": "sha512-FDuKUJQm/ju9fT/SeX/6+gBzoPzlVCzfzmGkwKvRHQVxi4BntVbyIwf6a4Xn62mrvndLiml6z/UBXIdEVjQLXg==",
      "dependencies": [
        "undici-types"
      ]
    },
    "bip39@3.1.0": {
      "integrity": "sha512-c9kiwdk45Do5GL0vJMe7tS95VjCii65mYAH7DfWl3uW8AVzXKQVUm64i3hzVybBDMp9r7j9iNxR85+ul8MdN/A==",
      "dependencies": [
        "@noble/hashes"
      ]
    },
    "cbor-extract@2.2.0": {
      "integrity": "sha512-Ig1zM66BjLfTXpNgKpvBePq271BPOvu8MR0Jl080yG7Jsl+wAZunfrwiwA+9ruzm/WEdIV5QF/bjDZTqyAIVHA==",
      "dependencies": [
        "@cbor-extract/cbor-extract-darwin-arm64",
        "@cbor-extract/cbor-extract-darwin-x64",
        "@cbor-extract/cbor-extract-linux-arm",
        "@cbor-extract/cbor-extract-linux-arm64",
        "@cbor-extract/cbor-extract-linux-x64",
        "@cbor-extract/cbor-extract-win32-x64",
        "node-gyp-build-optional-packages"
      ]
    },
    "cbor-x@1.6.0": {
      "integrity": "sha512-0kareyRwHSkL6ws5VXHEf8uY1liitysCVJjlmhaLG+IXLqhSaOO+t63coaso7yjwEzWZzLy8fJo06gZDVQM9Qg==",
      "dependencies": [
        "cbor-extract"
      ]
    },
    "detect-libc@2.0.3": {
      "integrity": "sha512-bwy0MGW55bG41VqxxypOsdSdGqLwXPI/focwgTYCFMbdUiBAxLg9CFzG08sz2aqzknwiX7Hkl0bQENjg8iLByw=="
    },
    "effect@3.12.7": {
      "integrity": "sha512-BsDTgSjLbL12g0+vGn5xkOgOVhRSaR3VeHmjcUb0gLvpXACJ9OgmlfeH+/FaAZwM5+omIF3I/j1gC5KJrbK1Aw==",
      "dependencies": [
        "fast-check"
      ]
    },
    "fast-check@3.23.2": {
      "integrity": "sha512-h5+1OzzfCC3Ef7VbtKdcv7zsstUQwUDlYpUTvjeUsJAssPgLn7QzbboPtL5ro04Mq0rPOsMzl7q5hIbRs2wD1A==",
      "dependencies": [
        "pure-rand"
      ]
    },
    "find-my-way-ts@0.1.5": {
      "integrity": "sha512-4GOTMrpGQVzsCH2ruUn2vmwzV/02zF4q+ybhCIrw/Rkt3L8KWcycdC6aJMctJzwN4fXD4SD5F/4B9Sksh5rE0A=="
    },
    "multipasta@0.2.5": {
      "integrity": "sha512-c8eMDb1WwZcE02WVjHoOmUVk7fnKU/RmUcosHACglrWAuPQsEJv+E8430sXj6jNc1jHw0zrS16aCjQh4BcEb4A=="
    },
    "node-gyp-build-optional-packages@5.1.1": {
      "integrity": "sha512-+P72GAjVAbTxjjwUmwjVrqrdZROD4nf8KgpBoDxqXXTiYZZt/ud60dE5yvCSr9lRO8e8yv6kgJIC0K0PfZFVQw==",
      "dependencies": [
        "detect-libc"
      ]
    },
    "pure-rand@6.1.0": {
      "integrity": "sha512-bVWawvoZoBYpp6yIoQtQXHZjmz35RSVHnUOTefl8Vcjr8snTPY1wnpSPMWekcFwbxI6gtmT7rSYPFvz71ldiOA=="
    },
    "undici-types@6.19.8": {
      "integrity": "sha512-ve2KP6f/JnbPBFyobGHuerC9g1FYGn/F8n1LWTwNxCEzd6IfqTwUQcNXgEtmmQ6DlRrC1hrSrBnCZPokRrDHjw=="
    }
  },
  "remote": {
    "https://deno.land/x/sqlite3@0.12.0/deno.json": "b03d6de05f953886662ea987212539af8456a91352684c84af2188520449d42a",
    "https://deno.land/x/sqlite3@0.12.0/deps.ts": "d2f23a4489d27ed7ba1f601b86a85ff488a87603e4be7a15f3ea15154fc288ec",
    "https://deno.land/x/sqlite3@0.12.0/mod.ts": "3169f246c0eddd6ed82862758f4109f167b7ba5538236240fbb26a129f1bc16c",
    "https://deno.land/x/sqlite3@0.12.0/src/blob.ts": "330886fae9714e4a612786f44d8117d65f91e778cf3f40de59b34879fc7ca9ab",
    "https://deno.land/x/sqlite3@0.12.0/src/constants.ts": "85fd27aa6e199093f25f5f437052e16fd0e0870b96ca9b24a98e04ddc8b7d006",
    "https://deno.land/x/sqlite3@0.12.0/src/database.ts": "4d380d7f0e5a2cf74635a9fcd2b4e27373533f2816cde5357067e51fd22ad8d0",
    "https://deno.land/x/sqlite3@0.12.0/src/ffi.ts": "795b598eeae4d12f182e7bcdab524b74b0f01d6deae7f4d8ce63f25c06a46154",
    "https://deno.land/x/sqlite3@0.12.0/src/statement.ts": "e8ccde898aef47c7a2514953aca5359a44a285bc3dc0de5819d66f891f477be1",
    "https://deno.land/x/sqlite3@0.12.0/src/util.ts": "c6604183d2ec5fb17fa0a018572ed5f2317b319dbd7bf48d88a5d06ff25b2cc3"
  },
  "workspace": {
    "dependencies": [
      "npm:@lucid-evolution/core-types@~0.1.21",
      "npm:@lucid-evolution/core-utils@~0.1.16",
      "npm:@lucid-evolution/lucid@~0.4.20",
      "npm:@lucid-evolution/plutus@~0.1.28",
      "npm:@lucid-evolution/provider@~0.1.85",
      "npm:@lucid-evolution/utils@~0.1.63"
    ]
  }
}
